
Microsoft Visual Studio Solution File, Format Version 12.00
# Visual Studio Version 17
VisualStudioVersion = 17.4.33122.133
MinimumVisualStudioVersion = 10.0.40219.1
Project("{FAE04EC0-301F-11D3-BF4B-00C04F79EFBC}") = "CovertReader", "CovertReader.csproj", "{240700FE-3BE5-4C8F-9DDF-B7961847E36A}"
EndProject
Global
	GlobalSection(SolutionConfigurationPlatforms) = preSolution
		Debug|Any CPU = Debug|Any CPU
		Release|Any CPU = Release|Any CPU
	EndGlobalSection
	GlobalSection(ProjectConfigurationPlatforms) = postSolution
		{240700FE-3BE5-4C8F-9DDF-B7961847E36A}.Debug|Any CPU.ActiveCfg = Debug|Any CPU
		{240700FE-3BE5-4C8F-9DDF-B7961847E36A}.Debug|Any CPU.Build.0 = Debug|Any CPU
		{240700FE-3BE5-4C8F-9DDF-B7961847E36A}.Release|Any CPU.ActiveCfg = Release|Any CPU
		{240700FE-3BE5-4C8F-9DDF-B7961847E36A}.Release|Any CPU.Build.0 = Release|Any CPU
	EndGlobalSection
	GlobalSection(SolutionProperties) = preSolution
		HideSolutionNode = FALSE
	EndGlobalSection
	GlobalSection(ExtensibilityGlobals) = postSolution
		SolutionGuid = {B78DBFA9-B958-43B8-8D0C-79C4BF2C2187}
	EndGlobalSection
EndGlobal
